
Microsoft Visual Studio Solution File, Format Version 12.00
# Visual Studio Version 17
VisualStudioVersion = 17.10.34916.146
MinimumVisualStudioVersion = 10.0.40219.1
Project("{FAE04EC0-301F-11D3-BF4B-00C04F79EFBC}") = "Portafolio", "Portafolio\Portafolio.csproj", "{3E8CF144-E6B8-42D0-8077-F096D4A08791}"
EndProject
Global
	GlobalSection(SolutionConfigurationPlatforms) = preSolution
		Debug|Any CPU = Debug|Any CPU
		Release|Any CPU = Release|Any CPU
	EndGlobalSection
	GlobalSection(ProjectConfigurationPlatforms) = postSolution
		{3E8CF144-E6B8-42D0-8077-F096D4A08791}.Debug|Any CPU.ActiveCfg = Debug|Any CPU
		{3E8CF144-E6B8-42D0-8077-F096D4A08791}.Debug|Any CPU.Build.0 = Debug|Any CPU
		{3E8CF144-E6B8-42D0-8077-F096D4A08791}.Release|Any CPU.ActiveCfg = Release|Any CPU
		{3E8CF144-E6B8-42D0-8077-F096D4A08791}.Release|Any CPU.Build.0 = Release|Any CPU
	EndGlobalSection
	GlobalSection(SolutionProperties) = preSolution
		HideSolutionNode = FALSE
	EndGlobalSection
	GlobalSection(ExtensibilityGlobals) = postSolution
		SolutionGuid = {FA4F7080-0E33-434E-953D-F4F10D6232C2}
	EndGlobalSection
EndGlobal
